uuid: c53fde44-82e2-4cb2-8b23-b6c24a1d9f38
langcode: en
status: true
dependencies:
  module:
    - cu_footer_badge
  theme:
    - cu2017
id: footerbadgeblock
theme: cu2017
region: footer
weight: 0
provider: null
plugin: footerbadgeblock
settings:
  id: footerbadgeblock
  label: 'Footer Badge block'
  provider: cu_footer_badge
  label_display: '0'
visibility: {  }
