uuid: db86e308-35ef-4a58-a16a-c34abded814c
langcode: en
status: true
dependencies:
  module:
    - cu_footer_badge
  theme:
    - cu2017
id: footerbadgeblock
theme: cu2017
region: footer
weight: 0
provider: null
plugin: footer_badge_block
settings:
  id: footer_badge_block
  label: 'Footer Badge block'
  provider: cu_footer_badge
  label_display: '0'
visibility: {  }
