uuid: d6740b48-c3b1-45e6-9940-d614a3d2d87c
langcode: en
status: true
dependencies:
  module:
    - cu_footer_contact
  theme:
    - cu2017
id: footercontactblock
theme: cu2017
region: footer
weight: 0
provider: null
plugin: footercontactblock
settings:
  id: footercontactblock
  label: 'Footer Contact block'
  provider: cu_footer_contact
  label_display: '0'
visibility: {  }
